
Microsoft Visual Studio Solution File, Format Version 12.00
# Visual Studio Version 17
VisualStudioVersion = 17.0.32112.339
MinimumVisualStudioVersion = 10.0.40219.1
Project("{FAE04EC0-301F-11D3-BF4B-00C04F79EFBC}") = "ZXC", "ZXC.csproj", "{82CA8E7A-D15E-4039-9945-E09177BAAEBC}"
EndProject
Global
	GlobalSection(SolutionConfigurationPlatforms) = preSolution
		Debug|Any CPU = Debug|Any CPU
		Release|Any CPU = Release|Any CPU
	EndGlobalSection
	GlobalSection(ProjectConfigurationPlatforms) = postSolution
		{82CA8E7A-D15E-4039-9945-E09177BAAEBC}.Debug|Any CPU.ActiveCfg = Debug|Any CPU
		{82CA8E7A-D15E-4039-9945-E09177BAAEBC}.Debug|Any CPU.Build.0 = Debug|Any CPU
		{82CA8E7A-D15E-4039-9945-E09177BAAEBC}.Release|Any CPU.ActiveCfg = Release|Any CPU
		{82CA8E7A-D15E-4039-9945-E09177BAAEBC}.Release|Any CPU.Build.0 = Release|Any CPU
	EndGlobalSection
	GlobalSection(SolutionProperties) = preSolution
		HideSolutionNode = FALSE
	EndGlobalSection
	GlobalSection(ExtensibilityGlobals) = postSolution
		SolutionGuid = {FA0B596A-BEF7-4DF7-81D4-00B31674D063}
	EndGlobalSection
EndGlobal
